
Microsoft Visual Studio Solution File, Format Version 12.00
# Visual Studio Version 17
VisualStudioVersion = 17.7.34031.279
MinimumVisualStudioVersion = 10.0.40219.1
Project("{FAE04EC0-301F-11D3-BF4B-00C04F79EFBC}") = "QLTRO", "QLTRO\QLTRO.csproj", "{45B52779-13B9-4AC5-A2C9-F0D19A0169A4}"
EndProject
Global
	GlobalSection(SolutionConfigurationPlatforms) = preSolution
		Debug|Any CPU = Debug|Any CPU
		Release|Any CPU = Release|Any CPU
	EndGlobalSection
	GlobalSection(ProjectConfigurationPlatforms) = postSolution
		{45B52779-13B9-4AC5-A2C9-F0D19A0169A4}.Debug|Any CPU.ActiveCfg = Debug|Any CPU
		{45B52779-13B9-4AC5-A2C9-F0D19A0169A4}.Debug|Any CPU.Build.0 = Debug|Any CPU
		{45B52779-13B9-4AC5-A2C9-F0D19A0169A4}.Release|Any CPU.ActiveCfg = Release|Any CPU
		{45B52779-13B9-4AC5-A2C9-F0D19A0169A4}.Release|Any CPU.Build.0 = Release|Any CPU
	EndGlobalSection
	GlobalSection(SolutionProperties) = preSolution
		HideSolutionNode = FALSE
	EndGlobalSection
	GlobalSection(ExtensibilityGlobals) = postSolution
		SolutionGuid = {9048A053-91EE-4D01-BD68-FDEA08069B63}
	EndGlobalSection
EndGlobal
